// !$*UTF8*$!
{
	archiveVersion = 1;
	classes = {
	};
	objectVersion = 50;
	objects = {

/* Begin PBXBuildFile section */
		37FFF9F02587BE9900AA8B5C /* AppDelegate.swift in Sources */ = {isa = PBXBuildFile; fileRef = 37FFF9EF2587BE9900AA8B5C /* AppDelegate.swift */; };
		37FFF9F22587BE9900AA8B5C /* SceneDelegate.swift in Sources */ = {isa = PBXBuildFile; fileRef = 37FFF9F12587BE9900AA8B5C /* SceneDelegate.swift */; };
		37FFF9F42587BE9900AA8B5C /* ViewController.swift in Sources */ = {isa = PBXBuildFile; fileRef = 37FFF9F32587BE9900AA8B5C /* ViewController.swift */; };
		37FFF9F72587BE9900AA8B5C /* Main.storyboard in Resources */ = {isa = PBXBuildFile; fileRef = 37FFF9F52587BE9900AA8B5C /* Main.storyboard */; };
		37FFF9F92587BE9B00AA8B5C /* Assets.xcassets in Resources */ = {isa = PBXBuildFile; fileRef = 37FFF9F82587BE9B00AA8B5C /* Assets.xcassets */; };
		37FFF9FC2587BE9B00AA8B5C /* LaunchScreen.storyboard in Resources */ = {isa = PBXBuildFile; fileRef = 37FFF9FA2587BE9B00AA8B5C /* LaunchScreen.storyboard */; };
/* End PBXBuildFile section */

/* Begin PBXFileReference section */
		37FFF9EC2587BE9900AA8B5C /* Artbox.app */ = {isa = PBXFileReference; explicitFileType = wrapper.application; includeInIndex = 0; path = Artbox.app; sourceTree = BUILT_PRODUCTS_DIR; };
		37FFF9EF2587BE9900AA8B5C /* AppDelegate.swift */ = {isa = PBXFileReference; lastKnownFileType = sourcecode.swift; path = AppDelegate.swift; sourceTree = "<group>"; };
		37FFF9F12587BE9900AA8B5C /* SceneDelegate.swift */ = {isa = PBXFileReference; lastKnownFileType = sourcecode.swift; path = SceneDelegate.swift; sourceTree = "<group>"; };
		37FFF9F32587BE9900AA8B5C /* ViewController.swift */ = {isa = PBXFileReference; lastKnownFileType = sourcecode.swift; path = ViewController.swift; sourceTree = "<group>"; };
		37FFF9F62587BE9900AA8B5C /* Base */ = {isa = PBXFileReference; lastKnownFileType = file.storyboard; name = Base; path = Base.lproj/Main.storyboard; sourceTree = "<group>"; };
		37FFF9F82587BE9B00AA8B5C /* Assets.xcassets */ = {isa = PBXFileReference; lastKnownFileType = folder.assetcatalog; path = Assets.xcassets; sourceTree = "<group>"; };
		37FFF9FB2587BE9B00AA8B5C /* Base */ = {isa = PBXFileReference; lastKnownFileType = file.storyboard; name = Base; path = Base.lproj/LaunchScreen.storyboard; sourceTree = "<group>"; };
		37FFF9FD2587BE9B00AA8B5C /* Info.plist */ = {isa = PBXFileReference; lastKnownFileType = text.plist.xml; path = Info.plist; sourceTree = "<group>"; };
/* End PBXFileReference section */

/* Begin PBXFrameworksBuildPhase section */
		37FFF9E92587BE9900AA8B5C /* Frameworks */ = {
			isa = PBXFrameworksBuildPhase;
			buildActionMask = 2147483647;
			files = (
			);
			runOnlyForDeploymentPostprocessing = 0;
		};
/* End PBXFrameworksBuildPhase section */

/* Begin PBXGroup section */
		37FFF9E32587BE9800AA8B5C = {
			isa = PBXGroup;
			children = (
				37FFF9EE2587BE9900AA8B5C /* Artbox */,
				37FFF9ED2587BE9900AA8B5C /* Products */,
			);
			sourceTree = "<group>";
		};
		37FFF9ED2587BE9900AA8B5C /* Products */ = {
			isa = PBXGroup;
			children = (
				37FFF9EC2587BE9900AA8B5C /* Artbox.app */,
			);
			name = Products;
			sourceTree = "<group>";
		};
		37FFF9EE2587BE9900AA8B5C /* Artbox */ = {
			isa = PBXGroup;
			children = (
				37FFF9EF2587BE9900AA8B5C /* AppDelegate.swift */,
				37FFF9F12587BE9900AA8B5C /* SceneDelegate.swift */,
				37FFF9F32587BE9900AA8B5C /* ViewController.swift */,
				37FFF9F52587BE9900AA8B5C /* Main.storyboard */,
				37FFF9F82587BE9B00AA8B5C /* Assets.xcassets */,
				37FFF9FA2587BE9B00AA8B5C /* LaunchScreen.storyboard */,
				37FFF9FD2587BE9B00AA8B5C /* Info.plist */,
			);
			path = Artbox;
			sourceTree = "<group>";
		};
/* End PBXGroup section */

/* Begin PBXNativeTarget section */
		37FFF9EB2587BE9900AA8B5C /* Artbox */ = {
			isa = PBXNativeTarget;
			buildConfigurationList = 37FFFA002587BE9B00AA8B5C /* Build configuration list for PBXNativeTarget "Artbox" */;
			buildPhases = (
				37FFF9E82587BE9900AA8B5C /* Sources */,
				37FFF9E92587BE9900AA8B5C /* Frameworks */,
				37FFF9EA2587BE9900AA8B5C /* Resources */,
			);
			buildRules = (
			);
			dependencies = (
			);
			name = Artbox;
			productName = Artbox;
			productReference = 37FFF9EC2587BE9900AA8B5C /* Artbox.app */;
			productType = "com.apple.product-type.application";
		};
/* End PBXNativeTarget section */

/* Begin PBXProject section */
		37FFF9E42587BE9800AA8B5C /* Project object */ = {
			isa = PBXProject;
			attributes = {
				LastSwiftUpdateCheck = 1230;
				LastUpgradeCheck = 1230;
				TargetAttributes = {
					37FFF9EB2587BE9900AA8B5C = {
						CreatedOnToolsVersion = 12.3;
					};
				};
			};
			buildConfigurationList = 37FFF9E72587BE9800AA8B5C /* Build configuration list for PBXProject "Artbox" */;
			compatibilityVersion = "Xcode 9.3";
			developmentRegion = en;
			hasScannedForEncodings = 0;
			knownRegions = (
				en,
				Base,
			);
			mainGroup = 37FFF9E32587BE9800AA8B5C;
			productRefGroup = 37FFF9ED2587BE9900AA8B5C /* Products */;
			projectDirPath = "";
			projectRoot = "";
			targets = (
				37FFF9EB2587BE9900AA8B5C /* Artbox */,
			);
		};
/* End PBXProject section */

/* Begin PBXResourcesBuildPhase section */
		37FFF9EA2587BE9900AA8B5C /* Resources */ = {
			isa = PBXResourcesBuildPhase;
			buildActionMask = 2147483647;
			files = (
				37FFF9FC2587BE9B00AA8B5C /* LaunchScreen.storyboard in Resources */,
				37FFF9F92587BE9B00AA8B5C /* Assets.xcassets in Resources */,
				37FFF9F72587BE9900AA8B5C /* Main.storyboard in Resources */,
			);
			runOnlyForDeploymentPostprocessing = 0;
		};
/* End PBXResourcesBuildPhase section */

/* Begin PBXSourcesBuildPhase section */
		37FFF9E82587BE9900AA8B5C /* Sources */ = {
			isa = PBXSourcesBuildPhase;
			buildActionMask = 2147483647;
			files = (
				37FFF9F42587BE9900AA8B5C /* ViewController.swift in Sources */,
				37FFF9F02587BE9900AA8B5C /* AppDelegate.swift in Sources */,
				37FFF9F22587BE9900AA8B5C /* SceneDelegate.swift in Sources */,
			);
			runOnlyForDeploymentPostprocessing = 0;
		};
/* End PBXSourcesBuildPhase section */

/* Begin PBXVariantGroup section */
		37FFF9F52587BE9900AA8B5C /* Main.storyboard */ = {
			isa = PBXVariantGroup;
			children = (
				37FFF9F62587BE9900AA8B5C /* Base */,
			);
			name = Main.storyboard;
			sourceTree = "<group>";
		};
		37FFF9FA2587BE9B00AA8B5C /* LaunchScreen.storyboard */ = {
			isa = PBXVariantGroup;
			children = (
				37FFF9FB2587BE9B00AA8B5C /* Base */,
			);
			name = LaunchScreen.storyboard;
			sourceTree = "<group>";
		};
/* End PBXVariantGroup section */

/* Begin XCBuildConfiguration section */
		37FFF9FE2587BE9B00AA8B5C /* Debug */ = {
			isa = XCBuildConfiguration;
			buildSettings = {
				ALWAYS_SEARCH_USER_PATHS = NO;
				CLANG_ANALYZER_NONNULL = YES;
				CLANG_ANALYZER_NUMBER_OBJECT_CONVERSION = YES_AGGRESSIVE;
				CLANG_CXX_LANGUAGE_STANDARD = "gnu++14";
				CLANG_CXX_LIBRARY = "libc++";
				CLANG_ENABLE_MODULES = YES;
				CLANG_ENABLE_OBJC_ARC = YES;
				CLANG_ENABLE_OBJC_WEAK = YES;
				CLANG_WARN_BLOCK_CAPTURE_AUTORELEASING = YES;
				CLANG_WARN_BOOL_CONVERSION = YES;
				CLANG_WARN_COMMA = YES;
				CLANG_WARN_CONSTANT_CONVERSION = YES;
				CLANG_WARN_DEPRECATED_OBJC_IMPLEMENTATIONS = YES;
				CLANG_WARN_DIRECT_OBJC_ISA_USAGE = YES_ERROR;
				CLANG_WARN_DOCUMENTATION_COMMENTS = YES;
				CLANG_WARN_EMPTY_BODY = YES;
				CLANG_WARN_ENUM_CONVERSION = YES;
				CLANG_WARN_INFINITE_RECURSION = YES;
				CLANG_WARN_INT_CONVERSION = YES;
				CLANG_WARN_NON_LITERAL_NULL_CONVERSION = YES;
				CLANG_WARN_OBJC_IMPLICIT_RETAIN_SELF = YES;
				CLANG_WARN_OBJC_LITERAL_CONVERSION = YES;
				CLANG_WARN_OBJC_ROOT_CLASS = YES_ERROR;
				CLANG_WARN_QUOTED_INCLUDE_IN_FRAMEWORK_HEADER = YES;
				CLANG_WARN_RANGE_LOOP_ANALYSIS = YES;
				CLANG_WARN_STRICT_PROTOTYPES = YES;
				CLANG_WARN_SUSPICIOUS_MOVE = YES;
				CLANG_WARN_UNGUARDED_AVAILABILITY = YES_AGGRESSIVE;
				CLANG_WARN_UNREACHABLE_CODE = YES;
				CLANG_WARN__DUPLICATE_METHOD_MATCH = YES;
				COPY_PHASE_STRIP = NO;
				DEBUG_INFORMATION_FORMAT = dwarf;
				ENABLE_STRICT_OBJC_MSGSEND = YES;
				ENABLE_TESTABILITY = YES;
				GCC_C_LANGUAGE_STANDARD = gnu11;
				GCC_DYNAMIC_NO_PIC = NO;
				GCC_NO_COMMON_BLOCKS = YES;
				GCC_OPTIMIZATION_LEVEL = 0;
				GCC_PREPROCESSOR_DEFINITIONS = (
					"DEBUG=1",
					"$(inherited)",
				);
				GCC_WARN_64_TO_32_BIT_CONVERSION = YES;
				GCC_WARN_ABOUT_RETURN_TYPE = YES_ERROR;
				GCC_WARN_UNDECLARED_SELECTOR = YES;
				GCC_WARN_UNINITIALIZED_AUTOS = YES_AGGRESSIVE;
				GCC_WARN_UNUSED_FUNCTION = YES;
				GCC_WARN_UNUSED_VARIABLE = YES;
				IPHONEOS_DEPLOYMENT_TARGET = 14.3;
				MTL_ENABLE_DEBUG_INFO = INCLUDE_SOURCE;
				MTL_FAST_MATH = YES;
				ONLY_ACTIVE_ARCH = YES;
				SDKROOT = iphoneos;
				SWIFT_ACTIVE_COMPILATION_CONDITIONS = DEBUG;
				SWIFT_OPTIMIZATION_LEVEL = "-Onone";
			};
			name = Debug;
		};
		37FFF9FF2587BE9B00AA8B5C /* Release */ = {
			isa = XCBuildConfiguration;
			buildSettings = {
				ALWAYS_SEARCH_USER_PATHS = NO;
				CLANG_ANALYZER_NONNULL = YES;
				CLANG_ANALYZER_NUMBER_OBJECT_CONVERSION = YES_AGGRESSIVE;
				CLANG_CXX_LANGUAGE_STANDARD = "gnu++14";
				CLANG_CXX_LIBRARY = "libc++";
				CLANG_ENABLE_MODULES = YES;
				CLANG_ENABLE_OBJC_ARC = YES;
				CLANG_ENABLE_OBJC_WEAK = YES;
				CLANG_WARN_BLOCK_CAPTURE_AUTORELEASING = YES;
				CLANG_WARN_BOOL_CONVERSION = YES;
				CLANG_WARN_COMMA = YES;
				CLANG_WARN_CONSTANT_CONVERSION = YES;
				CLANG_WARN_DEPRECATED_OBJC_IMPLEMENTATIONS = YES;
				CLANG_WARN_DIRECT_OBJC_ISA_USAGE = YES_ERROR;
				CLANG_WARN_DOCUMENTATION_COMMENTS = YES;
				CLANG_WARN_EMPTY_BODY = YES;
				CLANG_WARN_ENUM_CONVERSION = YES;
				CLANG_WARN_INFINITE_RECURSION = YES;
				CLANG_WARN_INT_CONVERSION = YES;
				CLANG_WARN_NON_LITERAL_NULL_CONVERSION = YES;
				CLANG_WARN_OBJC_IMPLICIT_RETAIN_SELF = YES;
				CLANG_WARN_OBJC_LITERAL_CONVERSION = YES;
				CLANG_WARN_OBJC_ROOT_CLASS = YES_ERROR;
				CLANG_WARN_QUOTED_INCLUDE_IN_FRAMEWORK_HEADER = YES;
				CLANG_WARN_RANGE_LOOP_ANALYSIS = YES;
				CLANG_WARN_STRICT_PROTOTYPES = YES;
				CLANG_WARN_SUSPICIOUS_MOVE = YES;
				CLANG_WARN_UNGUARDED_AVAILABILITY = YES_AGGRESSIVE;
				CLANG_WARN_UNREACHABLE_CODE = YES;
				CLANG_WARN__DUPLICATE_METHOD_MATCH = YES;
				COPY_PHASE_STRIP = NO;
				DEBUG_INFORMATION_FORMAT = "dwarf-with-dsym";
				ENABLE_NS_ASSERTIONS = NO;
				ENABLE_STRICT_OBJC_MSGSEND = YES;
				GCC_C_LANGUAGE_STANDARD = gnu11;
				GCC_NO_COMMON_BLOCKS = YES;
				GCC_WARN_64_TO_32_BIT_CONVERSION = YES;
				GCC_WARN_ABOUT_RETURN_TYPE = YES_ERROR;
				GCC_WARN_UNDECLARED_SELECTOR = YES;
				GCC_WARN_UNINITIALIZED_AUTOS = YES_AGGRESSIVE;
				GCC_WARN_UNUSED_FUNCTION = YES;
				GCC_WARN_UNUSED_VARIABLE = YES;
				IPHONEOS_DEPLOYMENT_TARGET = 14.3;
				MTL_ENABLE_DEBUG_INFO = NO;
				MTL_FAST_MATH = YES;
				SDKROOT = iphoneos;
				SWIFT_COMPILATION_MODE = wholemodule;
				SWIFT_OPTIMIZATION_LEVEL = "-O";
				VALIDATE_PRODUCT = YES;
			};
			name = Release;
		};
		37FFFA012587BE9B00AA8B5C /* Debug */ = {
			isa = XCBuildConfiguration;
			buildSettings = {
				ASSETCATALOG_COMPILER_APPICON_NAME = AppIcon;
				ASSETCATALOG_COMPILER_GLOBAL_ACCENT_COLOR_NAME = AccentColor;
				CODE_SIGN_STYLE = Automatic;
				DEVELOPMENT_TEAM = 9RS8ML8CP7;
				INFOPLIST_FILE = Artbox/Info.plist;
				LD_RUNPATH_SEARCH_PATHS = (
					"$(inherited)",
					"@executable_path/Frameworks",
				);
				PRODUCT_BUNDLE_IDENTIFIER = iitu.Artbox;
				PRODUCT_NAME = "$(TARGET_NAME)";
				SWIFT_VERSION = 5.0;
				TARGETED_DEVICE_FAMILY = "1,2";
			};
			name = Debug;
		};
		37FFFA022587BE9B00AA8B5C /* Release */ = {
			isa = XCBuildConfiguration;
			buildSettings = {
				ASSETCATALOG_COMPILER_APPICON_NAME = AppIcon;
				ASSETCATALOG_COMPILER_GLOBAL_ACCENT_COLOR_NAME = AccentColor;
				CODE_SIGN_STYLE = Automatic;
				DEVELOPMENT_TEAM = 9RS8ML8CP7;
				INFOPLIST_FILE = Artbox/Info.plist;
				LD_RUNPATH_SEARCH_PATHS = (
					"$(inherited)",
					"@executable_path/Frameworks",
				);
				PRODUCT_BUNDLE_IDENTIFIER = iitu.Artbox;
				PRODUCT_NAME = "$(TARGET_NAME)";
				SWIFT_VERSION = 5.0;
				TARGETED_DEVICE_FAMILY = "1,2";
			};
			name = Release;
		};
/* End XCBuildConfiguration section */

/* Begin XCConfigurationList section */
		37FFF9E72587BE9800AA8B5C /* Build configuration list for PBXProject "Artbox" */ = {
			isa = XCConfigurationList;
			buildConfigurations = (
				37FFF9FE2587BE9B00AA8B5C /* Debug */,
				37FFF9FF2587BE9B00AA8B5C /* Release */,
			);
			defaultConfigurationIsVisible = 0;
			defaultConfigurationName = Release;
		};
		37FFFA002587BE9B00AA8B5C /* Build configuration list for PBXNativeTarget "Artbox" */ = {
			isa = XCConfigurationList;
			buildConfigurations = (
				37FFFA012587BE9B00AA8B5C /* Debug */,
				37FFFA022587BE9B00AA8B5C /* Release */,
			);
			defaultConfigurationIsVisible = 0;
			defaultConfigurationName = Release;
		};
/* End XCConfigurationList section */
	};
	rootObject = 37FFF9E42587BE9800AA8B5C /* Project object */;
}
